dependencies:
- name: postgresql
  repository: oci://registry-1.docker.io/bitnamicharts
  version: 14.3.1
- name: redis
  repository: oci://registry-1.docker.io/bitnamicharts
  version: 18.19.1
- name: elasticsearch
  repository: oci://registry-1.docker.io/bitnamicharts
  version: 19.21.1
digest: sha256:69bb6098f47c726c13d70487d20dbf31d3bf0fb4bcab57445a957ccc6945d87f
generated: "2024-03-08T22:06:02.263343+01:00"
