dependencies:
- name: postgresql
  repository: oci://registry-1.docker.io/bitnamicharts
  version: 14.3.3
- name: redis
  repository: oci://registry-1.docker.io/bitnamicharts
  version: 18.19.4
- name: elasticsearch
  repository: https://raw.githubusercontent.com/bitnami/charts/eb5f9a9513d987b519f0ecd732e7031241c50328/bitnami
  version: 12.8.2
digest: sha256:7e203381af704edf26dc6fd7341084718aa384bb9dbf6c80a56427f05ccd2a3f
generated: "2024-07-15T12:15:13.426403+02:00"
